
Microsoft Visual Studio Solution File, Format Version 12.00
# Visual Studio 15
VisualStudioVersion = 15.0.26730.10
MinimumVisualStudioVersion = 10.0.40219.1
Project("{8BC9CEB8-8B4A-11D0-8D11-00A0C91BC942}") = "winfileioperf", "winfileioperf.vcxproj", "{734572C3-711C-4C5F-BC65-2B1DA7782DFA}"
EndProject
Global
	GlobalSection(SolutionConfigurationPlatforms) = preSolution
		Debug|x64 = Debug|x64
		Debug|x86 = Debug|x86
		Release|x64 = Release|x64
		Release|x86 = Release|x86
	EndGlobalSection
	GlobalSection(ProjectConfigurationPlatforms) = postSolution
		{734572C3-711C-4C5F-BC65-2B1DA7782DFA}.Debug|x64.ActiveCfg = Debug|x64
		{734572C3-711C-4C5F-BC65-2B1DA7782DFA}.Debug|x64.Build.0 = Debug|x64
		{734572C3-711C-4C5F-BC65-2B1DA7782DFA}.Debug|x86.ActiveCfg = Debug|Win32
		{734572C3-711C-4C5F-BC65-2B1DA7782DFA}.Debug|x86.Build.0 = Debug|Win32
		{734572C3-711C-4C5F-BC65-2B1DA7782DFA}.Release|x64.ActiveCfg = Release|x64
		{734572C3-711C-4C5F-BC65-2B1DA7782DFA}.Release|x64.Build.0 = Release|x64
		{734572C3-711C-4C5F-BC65-2B1DA7782DFA}.Release|x86.ActiveCfg = Release|Win32
		{734572C3-711C-4C5F-BC65-2B1DA7782DFA}.Release|x86.Build.0 = Release|Win32
	EndGlobalSection
	GlobalSection(SolutionProperties) = preSolution
		HideSolutionNode = FALSE
	EndGlobalSection
	GlobalSection(ExtensibilityGlobals) = postSolution
		SolutionGuid = {E1E217FE-FA18-47D2-B0F7-245C5DBEA2A5}
	EndGlobalSection
EndGlobal
